// !$*UTF8*$!
{
	archiveVersion = 1;
	classes = {
	};
	objectVersion = 46;
	objects = {

/* Begin PBXBuildFile section */
		0A0462631B167D2400E90925 /* createCustomer.cpp in Sources */ = {isa = PBXBuildFile; fileRef = 0A0462611B167D2400E90925 /* createCustomer.cpp */; };
		0A2B647D1B1B6C4900841A91 /* movie.cpp in Sources */ = {isa = PBXBuildFile; fileRef = 0A2B647B1B1B6C4900841A91 /* movie.cpp */; };
		0A2B64801B1B720C00841A91 /* comedy.cpp in Sources */ = {isa = PBXBuildFile; fileRef = 0A2B647E1B1B720C00841A91 /* comedy.cpp */; };
		0A2B64861B1B732100841A91 /* drama.cpp in Sources */ = {isa = PBXBuildFile; fileRef = 0A2B64841B1B732100841A91 /* drama.cpp */; };
		0A2B64891B1B73D600841A91 /* classics.cpp in Sources */ = {isa = PBXBuildFile; fileRef = 0A2B64871B1B73D600841A91 /* classics.cpp */; };
		0A2B64921B1B779500841A91 /* customer.cpp in Sources */ = {isa = PBXBuildFile; fileRef = 0A2B64901B1B779500841A91 /* customer.cpp */; };
		0A2B64951B1B797B00841A91 /* mediaType.cpp in Sources */ = {isa = PBXBuildFile; fileRef = 0A2B64931B1B797B00841A91 /* mediaType.cpp */; };
		0A2B64981B1B7A7A00841A91 /* BSTree.cpp in Sources */ = {isa = PBXBuildFile; fileRef = 0A2B64961B1B7A7A00841A91 /* BSTree.cpp */; };
		0A2B649B1B1B808400841A91 /* linkedList.cpp in Sources */ = {isa = PBXBuildFile; fileRef = 0A2B64991B1B808400841A91 /* linkedList.cpp */; };
		0A2B649E1B1B819E00841A91 /* queue.cpp in Sources */ = {isa = PBXBuildFile; fileRef = 0A2B649C1B1B819E00841A91 /* queue.cpp */; };
		0A2B64A41B1B9FF000841A91 /* movieFactory.cpp in Sources */ = {isa = PBXBuildFile; fileRef = 0A2B64A21B1B9FF000841A91 /* movieFactory.cpp */; };
		0A2B64A71B1BAD7D00841A91 /* instructionFactory.cpp in Sources */ = {isa = PBXBuildFile; fileRef = 0A2B64A51B1BAD7D00841A91 /* instructionFactory.cpp */; };
		0A2B64AA1B1BB2DB00841A91 /* createClassicsMovie.cpp in Sources */ = {isa = PBXBuildFile; fileRef = 0A2B64A81B1BB2DB00841A91 /* createClassicsMovie.cpp */; };
		0A2B64AD1B1BB2F100841A91 /* createDramaMovie.cpp in Sources */ = {isa = PBXBuildFile; fileRef = 0A2B64AB1B1BB2F100841A91 /* createDramaMovie.cpp */; };
		0A2B64B01B1BB30500841A91 /* createComedyMovie.cpp in Sources */ = {isa = PBXBuildFile; fileRef = 0A2B64AE1B1BB30500841A91 /* createComedyMovie.cpp */; };
		0A9F1FC71B0F9437007D9816 /* main.cpp in Sources */ = {isa = PBXBuildFile; fileRef = 0A9F1FC51B0F9437007D9816 /* main.cpp */; };
		0A9F1FCA1B0F96FE007D9816 /* instruction.cpp in Sources */ = {isa = PBXBuildFile; fileRef = 0A9F1FC81B0F96FE007D9816 /* instruction.cpp */; };
		0A9F1FCD1B0F99B0007D9816 /* borrow.cpp in Sources */ = {isa = PBXBuildFile; fileRef = 0A9F1FCB1B0F99B0007D9816 /* borrow.cpp */; };
		0A9F1FD01B0FA074007D9816 /* return.cpp in Sources */ = {isa = PBXBuildFile; fileRef = 0A9F1FCE1B0FA074007D9816 /* return.cpp */; };
		0A9F1FD31B0FA197007D9816 /* history.cpp in Sources */ = {isa = PBXBuildFile; fileRef = 0A9F1FD11B0FA197007D9816 /* history.cpp */; };
		0A9F1FD61B0FA27F007D9816 /* createMovie.cpp in Sources */ = {isa = PBXBuildFile; fileRef = 0A9F1FD41B0FA27F007D9816 /* createMovie.cpp */; };
		0A9F1FD91B0FAF68007D9816 /* command.cpp in Sources */ = {isa = PBXBuildFile; fileRef = 0A9F1FD71B0FAF68007D9816 /* command.cpp */; };
		0AA2B9EC1B1AE37E000D9F27 /* movieStore.cpp in Sources */ = {isa = PBXBuildFile; fileRef = 0AA2B9EA1B1AE37E000D9F27 /* movieStore.cpp */; };
/* End PBXBuildFile section */

/* Begin PBXCopyFilesBuildPhase section */
		0A1D1B881B09BB9300617A09 /* CopyFiles */ = {
			isa = PBXCopyFilesBuildPhase;
			buildActionMask = 2147483647;
			dstPath = /usr/share/man/man1/;
			dstSubfolderSpec = 0;
			files = (
			);
			runOnlyForDeploymentPostprocessing = 1;
		};
/* End PBXCopyFilesBuildPhase section */

/* Begin PBXFileReference section */
		0A0462611B167D2400E90925 /* createCustomer.cpp */ = {isa = PBXFileReference; fileEncoding = 4; lastKnownFileType = sourcecode.cpp.cpp; path = createCustomer.cpp; sourceTree = "<group>"; };
		0A0462621B167D2400E90925 /* createCustomer.h */ = {isa = PBXFileReference; fileEncoding = 4; lastKnownFileType = sourcecode.c.h; path = createCustomer.h; sourceTree = "<group>"; };
		0A1D1B8A1B09BB9300617A09 /* MovieStore */ = {isa = PBXFileReference; explicitFileType = "compiled.mach-o.executable"; includeInIndex = 0; path = MovieStore; sourceTree = BUILT_PRODUCTS_DIR; };
		0A2B647B1B1B6C4900841A91 /* movie.cpp */ = {isa = PBXFileReference; fileEncoding = 4; lastKnownFileType = sourcecode.cpp.cpp; path = movie.cpp; sourceTree = "<group>"; };
		0A2B647C1B1B6C4900841A91 /* movie.h */ = {isa = PBXFileReference; fileEncoding = 4; lastKnownFileType = sourcecode.c.h; path = movie.h; sourceTree = "<group>"; };
		0A2B647E1B1B720C00841A91 /* comedy.cpp */ = {isa = PBXFileReference; fileEncoding = 4; lastKnownFileType = sourcecode.cpp.cpp; path = comedy.cpp; sourceTree = "<group>"; };
		0A2B647F1B1B720C00841A91 /* comedy.h */ = {isa = PBXFileReference; fileEncoding = 4; lastKnownFileType = sourcecode.c.h; path = comedy.h; sourceTree = "<group>"; };
		0A2B64841B1B732100841A91 /* drama.cpp */ = {isa = PBXFileReference; fileEncoding = 4; lastKnownFileType = sourcecode.cpp.cpp; path = drama.cpp; sourceTree = "<group>"; };
		0A2B64851B1B732100841A91 /* drama.h */ = {isa = PBXFileReference; fileEncoding = 4; lastKnownFileType = sourcecode.c.h; path = drama.h; sourceTree = "<group>"; };
		0A2B64871B1B73D600841A91 /* classics.cpp */ = {isa = PBXFileReference; fileEncoding = 4; lastKnownFileType = sourcecode.cpp.cpp; path = classics.cpp; sourceTree = "<group>"; };
		0A2B64881B1B73D600841A91 /* classics.h */ = {isa = PBXFileReference; fileEncoding = 4; lastKnownFileType = sourcecode.c.h; path = classics.h; sourceTree = "<group>"; };
		0A2B64901B1B779500841A91 /* customer.cpp */ = {isa = PBXFileReference; fileEncoding = 4; lastKnownFileType = sourcecode.cpp.cpp; path = customer.cpp; sourceTree = "<group>"; };
		0A2B64911B1B779500841A91 /* customer.h */ = {isa = PBXFileReference; fileEncoding = 4; lastKnownFileType = sourcecode.c.h; path = customer.h; sourceTree = "<group>"; };
		0A2B64931B1B797B00841A91 /* mediaType.cpp */ = {isa = PBXFileReference; fileEncoding = 4; lastKnownFileType = sourcecode.cpp.cpp; path = mediaType.cpp; sourceTree = "<group>"; };
		0A2B64941B1B797B00841A91 /* mediaType.h */ = {isa = PBXFileReference; fileEncoding = 4; lastKnownFileType = sourcecode.c.h; path = mediaType.h; sourceTree = "<group>"; };
		0A2B64961B1B7A7A00841A91 /* BSTree.cpp */ = {isa = PBXFileReference; fileEncoding = 4; lastKnownFileType = sourcecode.cpp.cpp; path = BSTree.cpp; sourceTree = "<group>"; };
		0A2B64971B1B7A7A00841A91 /* BSTree.h */ = {isa = PBXFileReference; fileEncoding = 4; lastKnownFileType = sourcecode.c.h; path = BSTree.h; sourceTree = "<group>"; };
		0A2B64991B1B808400841A91 /* linkedList.cpp */ = {isa = PBXFileReference; fileEncoding = 4; lastKnownFileType = sourcecode.cpp.cpp; path = linkedList.cpp; sourceTree = "<group>"; };
		0A2B649C1B1B819E00841A91 /* queue.cpp */ = {isa = PBXFileReference; fileEncoding = 4; lastKnownFileType = sourcecode.cpp.cpp; path = queue.cpp; sourceTree = "<group>"; };
		0A2B64A21B1B9FF000841A91 /* movieFactory.cpp */ = {isa = PBXFileReference; fileEncoding = 4; lastKnownFileType = sourcecode.cpp.cpp; path = movieFactory.cpp; sourceTree = "<group>"; };
		0A2B64A31B1B9FF000841A91 /* movieFactory.h */ = {isa = PBXFileReference; fileEncoding = 4; lastKnownFileType = sourcecode.c.h; path = movieFactory.h; sourceTree = "<group>"; };
		0A2B64A51B1BAD7D00841A91 /* instructionFactory.cpp */ = {isa = PBXFileReference; fileEncoding = 4; lastKnownFileType = sourcecode.cpp.cpp; path = instructionFactory.cpp; sourceTree = "<group>"; };
		0A2B64A61B1BAD7D00841A91 /* instructionFactory.h */ = {isa = PBXFileReference; fileEncoding = 4; lastKnownFileType = sourcecode.c.h; path = instructionFactory.h; sourceTree = "<group>"; };
		0A2B64A81B1BB2DB00841A91 /* createClassicsMovie.cpp */ = {isa = PBXFileReference; fileEncoding = 4; lastKnownFileType = sourcecode.cpp.cpp; path = createClassicsMovie.cpp; sourceTree = "<group>"; };
		0A2B64A91B1BB2DB00841A91 /* createClassicsMovie.h */ = {isa = PBXFileReference; fileEncoding = 4; lastKnownFileType = sourcecode.c.h; path = createClassicsMovie.h; sourceTree = "<group>"; };
		0A2B64AB1B1BB2F100841A91 /* createDramaMovie.cpp */ = {isa = PBXFileReference; fileEncoding = 4; lastKnownFileType = sourcecode.cpp.cpp; path = createDramaMovie.cpp; sourceTree = "<group>"; };
		0A2B64AC1B1BB2F100841A91 /* createDramaMovie.h */ = {isa = PBXFileReference; fileEncoding = 4; lastKnownFileType = sourcecode.c.h; path = createDramaMovie.h; sourceTree = "<group>"; };
		0A2B64AE1B1BB30500841A91 /* createComedyMovie.cpp */ = {isa = PBXFileReference; fileEncoding = 4; lastKnownFileType = sourcecode.cpp.cpp; path = createComedyMovie.cpp; sourceTree = "<group>"; };
		0A2B64AF1B1BB30500841A91 /* createComedyMovie.h */ = {isa = PBXFileReference; fileEncoding = 4; lastKnownFileType = sourcecode.c.h; path = createComedyMovie.h; sourceTree = "<group>"; };
		0A9F1FC51B0F9437007D9816 /* main.cpp */ = {isa = PBXFileReference; fileEncoding = 4; lastKnownFileType = sourcecode.cpp.cpp; path = main.cpp; sourceTree = "<group>"; };
		0A9F1FC81B0F96FE007D9816 /* instruction.cpp */ = {isa = PBXFileReference; fileEncoding = 4; lastKnownFileType = sourcecode.cpp.cpp; path = instruction.cpp; sourceTree = "<group>"; };
		0A9F1FC91B0F96FE007D9816 /* instruction.h */ = {isa = PBXFileReference; fileEncoding = 4; lastKnownFileType = sourcecode.c.h; path = instruction.h; sourceTree = "<group>"; };
		0A9F1FCB1B0F99B0007D9816 /* borrow.cpp */ = {isa = PBXFileReference; fileEncoding = 4; lastKnownFileType = sourcecode.cpp.cpp; path = borrow.cpp; sourceTree = "<group>"; };
		0A9F1FCC1B0F99B0007D9816 /* borrow.h */ = {isa = PBXFileReference; fileEncoding = 4; lastKnownFileType = sourcecode.c.h; path = borrow.h; sourceTree = "<group>"; };
		0A9F1FCE1B0FA074007D9816 /* return.cpp */ = {isa = PBXFileReference; fileEncoding = 4; lastKnownFileType = sourcecode.cpp.cpp; path = return.cpp; sourceTree = "<group>"; };
		0A9F1FCF1B0FA074007D9816 /* return.h */ = {isa = PBXFileReference; fileEncoding = 4; lastKnownFileType = sourcecode.c.h; path = return.h; sourceTree = "<group>"; };
		0A9F1FD11B0FA197007D9816 /* history.cpp */ = {isa = PBXFileReference; fileEncoding = 4; lastKnownFileType = sourcecode.cpp.cpp; path = history.cpp; sourceTree = "<group>"; };
		0A9F1FD21B0FA197007D9816 /* history.h */ = {isa = PBXFileReference; fileEncoding = 4; lastKnownFileType = sourcecode.c.h; path = history.h; sourceTree = "<group>"; };
		0A9F1FD41B0FA27F007D9816 /* createMovie.cpp */ = {isa = PBXFileReference; fileEncoding = 4; lastKnownFileType = sourcecode.cpp.cpp; path = createMovie.cpp; sourceTree = "<group>"; };
		0A9F1FD51B0FA27F007D9816 /* createMovie.h */ = {isa = PBXFileReference; fileEncoding = 4; lastKnownFileType = sourcecode.c.h; path = createMovie.h; sourceTree = "<group>"; };
		0A9F1FD71B0FAF68007D9816 /* command.cpp */ = {isa = PBXFileReference; fileEncoding = 4; lastKnownFileType = sourcecode.cpp.cpp; path = command.cpp; sourceTree = "<group>"; };
		0A9F1FD81B0FAF68007D9816 /* command.h */ = {isa = PBXFileReference; fileEncoding = 4; lastKnownFileType = sourcecode.c.h; path = command.h; sourceTree = "<group>"; };
		0AA2B9EA1B1AE37E000D9F27 /* movieStore.cpp */ = {isa = PBXFileReference; fileEncoding = 4; lastKnownFileType = sourcecode.cpp.cpp; path = movieStore.cpp; sourceTree = "<group>"; };
		0AA2B9EB1B1AE37E000D9F27 /* movieStore.h */ = {isa = PBXFileReference; fileEncoding = 4; lastKnownFileType = sourcecode.c.h; path = movieStore.h; sourceTree = "<group>"; };
/* End PBXFileReference section */

/* Begin PBXFrameworksBuildPhase section */
		0A1D1B871B09BB9300617A09 /* Frameworks */ = {
			isa = PBXFrameworksBuildPhase;
			buildActionMask = 2147483647;
			files = (
			);
			runOnlyForDeploymentPostprocessing = 0;
		};
/* End PBXFrameworksBuildPhase section */

/* Begin PBXGroup section */
		0A1D1B811B09BB9300617A09 = {
			isa = PBXGroup;
			children = (
				0A1D1B8C1B09BB9300617A09 /* MovieStore */,
				0A1D1B8B1B09BB9300617A09 /* Products */,
			);
			sourceTree = "<group>";
		};
		0A1D1B8B1B09BB9300617A09 /* Products */ = {
			isa = PBXGroup;
			children = (
				0A1D1B8A1B09BB9300617A09 /* MovieStore */,
			);
			name = Products;
			sourceTree = "<group>";
		};
		0A1D1B8C1B09BB9300617A09 /* MovieStore */ = {
			isa = PBXGroup;
			children = (
				0A9F1FC51B0F9437007D9816 /* main.cpp */,
				0A1D1BA81B09D89E00617A09 /* H file */,
				0A1D1BA91B09D8B400617A09 /* CPP file */,
			);
			path = MovieStore;
			sourceTree = "<group>";
		};
		0A1D1BA81B09D89E00617A09 /* H file */ = {
			isa = PBXGroup;
			children = (
				0AA2B9EB1B1AE37E000D9F27 /* movieStore.h */,
				0A9F1FC91B0F96FE007D9816 /* instruction.h */,
				0A9F1FD81B0FAF68007D9816 /* command.h */,
				0A9F1FCC1B0F99B0007D9816 /* borrow.h */,
				0A9F1FCF1B0FA074007D9816 /* return.h */,
				0A9F1FD21B0FA197007D9816 /* history.h */,
				0A9F1FD51B0FA27F007D9816 /* createMovie.h */,
				0A2B64A91B1BB2DB00841A91 /* createClassicsMovie.h */,
				0A2B64AC1B1BB2F100841A91 /* createDramaMovie.h */,
				0A2B64AF1B1BB30500841A91 /* createComedyMovie.h */,
				0A0462621B167D2400E90925 /* createCustomer.h */,
				0A2B64A61B1BAD7D00841A91 /* instructionFactory.h */,
				0A2B647C1B1B6C4900841A91 /* movie.h */,
				0A2B647F1B1B720C00841A91 /* comedy.h */,
				0A2B64851B1B732100841A91 /* drama.h */,
				0A2B64881B1B73D600841A91 /* classics.h */,
				0A2B64A31B1B9FF000841A91 /* movieFactory.h */,
				0A2B64911B1B779500841A91 /* customer.h */,
				0A2B64941B1B797B00841A91 /* mediaType.h */,
				0A2B64971B1B7A7A00841A91 /* BSTree.h */,
			);
			name = "H file";
			sourceTree = "<group>";
		};
		0A1D1BA91B09D8B400617A09 /* CPP file */ = {
			isa = PBXGroup;
			children = (
				0AA2B9EA1B1AE37E000D9F27 /* movieStore.cpp */,
				0A9F1FC81B0F96FE007D9816 /* instruction.cpp */,
				0A9F1FD71B0FAF68007D9816 /* command.cpp */,
				0A9F1FCB1B0F99B0007D9816 /* borrow.cpp */,
				0A9F1FCE1B0FA074007D9816 /* return.cpp */,
				0A9F1FD11B0FA197007D9816 /* history.cpp */,
				0A9F1FD41B0FA27F007D9816 /* createMovie.cpp */,
				0A2B64A81B1BB2DB00841A91 /* createClassicsMovie.cpp */,
				0A2B64AB1B1BB2F100841A91 /* createDramaMovie.cpp */,
				0A2B64AE1B1BB30500841A91 /* createComedyMovie.cpp */,
				0A0462611B167D2400E90925 /* createCustomer.cpp */,
				0A2B647B1B1B6C4900841A91 /* movie.cpp */,
				0A2B647E1B1B720C00841A91 /* comedy.cpp */,
				0A2B64841B1B732100841A91 /* drama.cpp */,
				0A2B64871B1B73D600841A91 /* classics.cpp */,
				0A2B64A21B1B9FF000841A91 /* movieFactory.cpp */,
				0A2B64901B1B779500841A91 /* customer.cpp */,
				0A2B64931B1B797B00841A91 /* mediaType.cpp */,
				0A2B64961B1B7A7A00841A91 /* BSTree.cpp */,
				0A2B64991B1B808400841A91 /* linkedList.cpp */,
				0A2B649C1B1B819E00841A91 /* queue.cpp */,
				0A2B64A51B1BAD7D00841A91 /* instructionFactory.cpp */,
			);
			name = "CPP file";
			sourceTree = "<group>";
		};
/* End PBXGroup section */

/* Begin PBXNativeTarget section */
		0A1D1B891B09BB9300617A09 /* MovieStore */ = {
			isa = PBXNativeTarget;
			buildConfigurationList = 0A1D1B911B09BB9300617A09 /* Build configuration list for PBXNativeTarget "MovieStore" */;
			buildPhases = (
				0A1D1B861B09BB9300617A09 /* Sources */,
				0A1D1B871B09BB9300617A09 /* Frameworks */,
				0A1D1B881B09BB9300617A09 /* CopyFiles */,
			);
			buildRules = (
			);
			dependencies = (
			);
			name = MovieStore;
			productName = MovieStore;
			productReference = 0A1D1B8A1B09BB9300617A09 /* MovieStore */;
			productType = "com.apple.product-type.tool";
		};
/* End PBXNativeTarget section */

/* Begin PBXProject section */
		0A1D1B821B09BB9300617A09 /* Project object */ = {
			isa = PBXProject;
			attributes = {
				LastUpgradeCheck = 0630;
				ORGANIZATIONNAME = "Shen Li";
				TargetAttributes = {
					0A1D1B891B09BB9300617A09 = {
						CreatedOnToolsVersion = 6.3.1;
					};
				};
			};
			buildConfigurationList = 0A1D1B851B09BB9300617A09 /* Build configuration list for PBXProject "MovieStore" */;
			compatibilityVersion = "Xcode 3.2";
			developmentRegion = English;
			hasScannedForEncodings = 0;
			knownRegions = (
				en,
			);
			mainGroup = 0A1D1B811B09BB9300617A09;
			productRefGroup = 0A1D1B8B1B09BB9300617A09 /* Products */;
			projectDirPath = "";
			projectRoot = "";
			targets = (
				0A1D1B891B09BB9300617A09 /* MovieStore */,
			);
		};
/* End PBXProject section */

/* Begin PBXSourcesBuildPhase section */
		0A1D1B861B09BB9300617A09 /* Sources */ = {
			isa = PBXSourcesBuildPhase;
			buildActionMask = 2147483647;
			files = (
				0A9F1FCD1B0F99B0007D9816 /* borrow.cpp in Sources */,
				0A2B64B01B1BB30500841A91 /* createComedyMovie.cpp in Sources */,
				0A0462631B167D2400E90925 /* createCustomer.cpp in Sources */,
				0A2B64951B1B797B00841A91 /* mediaType.cpp in Sources */,
				0A9F1FCA1B0F96FE007D9816 /* instruction.cpp in Sources */,
				0A9F1FD31B0FA197007D9816 /* history.cpp in Sources */,
				0AA2B9EC1B1AE37E000D9F27 /* movieStore.cpp in Sources */,
				0A2B64AD1B1BB2F100841A91 /* createDramaMovie.cpp in Sources */,
				0A9F1FC71B0F9437007D9816 /* main.cpp in Sources */,
				0A2B647D1B1B6C4900841A91 /* movie.cpp in Sources */,
				0A2B64861B1B732100841A91 /* drama.cpp in Sources */,
				0A2B649E1B1B819E00841A91 /* queue.cpp in Sources */,
				0A2B64801B1B720C00841A91 /* comedy.cpp in Sources */,
				0A2B64AA1B1BB2DB00841A91 /* createClassicsMovie.cpp in Sources */,
				0A9F1FD91B0FAF68007D9816 /* command.cpp in Sources */,
				0A9F1FD61B0FA27F007D9816 /* createMovie.cpp in Sources */,
				0A9F1FD01B0FA074007D9816 /* return.cpp in Sources */,
				0A2B64891B1B73D600841A91 /* classics.cpp in Sources */,
				0A2B64A71B1BAD7D00841A91 /* instructionFactory.cpp in Sources */,
				0A2B64981B1B7A7A00841A91 /* BSTree.cpp in Sources */,
				0A2B649B1B1B808400841A91 /* linkedList.cpp in Sources */,
				0A2B64921B1B779500841A91 /* customer.cpp in Sources */,
				0A2B64A41B1B9FF000841A91 /* movieFactory.cpp in Sources */,
			);
			runOnlyForDeploymentPostprocessing = 0;
		};
/* End PBXSourcesBuildPhase section */

/* Begin XCBuildConfiguration section */
		0A1D1B8F1B09BB9300617A09 /* Debug */ = {
			isa = XCBuildConfiguration;
			buildSettings = {
				ALWAYS_SEARCH_USER_PATHS = NO;
				CLANG_CXX_LANGUAGE_STANDARD = "gnu++0x";
				CLANG_CXX_LIBRARY = "libc++";
				CLANG_ENABLE_MODULES = YES;
				CLANG_ENABLE_OBJC_ARC = YES;
				CLANG_WARN_BOOL_CONVERSION = YES;
				CLANG_WARN_CONSTANT_CONVERSION = YES;
				CLANG_WARN_DIRECT_OBJC_ISA_USAGE = YES_ERROR;
				CLANG_WARN_EMPTY_BODY = YES;
				CLANG_WARN_ENUM_CONVERSION = YES;
				CLANG_WARN_INT_CONVERSION = YES;
				CLANG_WARN_OBJC_ROOT_CLASS = YES_ERROR;
				CLANG_WARN_UNREACHABLE_CODE = YES;
				CLANG_WARN__DUPLICATE_METHOD_MATCH = YES;
				COPY_PHASE_STRIP = NO;
				DEBUG_INFORMATION_FORMAT = dwarf;
				ENABLE_STRICT_OBJC_MSGSEND = YES;
				GCC_C_LANGUAGE_STANDARD = gnu99;
				GCC_DYNAMIC_NO_PIC = NO;
				GCC_NO_COMMON_BLOCKS = YES;
				GCC_OPTIMIZATION_LEVEL = 0;
				GCC_PREPROCESSOR_DEFINITIONS = (
					"DEBUG=1",
					"$(inherited)",
				);
				GCC_SYMBOLS_PRIVATE_EXTERN = NO;
				GCC_WARN_64_TO_32_BIT_CONVERSION = YES;
				GCC_WARN_ABOUT_RETURN_TYPE = YES_ERROR;
				GCC_WARN_UNDECLARED_SELECTOR = YES;
				GCC_WARN_UNINITIALIZED_AUTOS = YES_AGGRESSIVE;
				GCC_WARN_UNUSED_FUNCTION = YES;
				GCC_WARN_UNUSED_VARIABLE = YES;
				MACOSX_DEPLOYMENT_TARGET = 10.10;
				MTL_ENABLE_DEBUG_INFO = YES;
				ONLY_ACTIVE_ARCH = YES;
				SDKROOT = macosx;
			};
			name = Debug;
		};
		0A1D1B901B09BB9300617A09 /* Release */ = {
			isa = XCBuildConfiguration;
			buildSettings = {
				ALWAYS_SEARCH_USER_PATHS = NO;
				CLANG_CXX_LANGUAGE_STANDARD = "gnu++0x";
				CLANG_CXX_LIBRARY = "libc++";
				CLANG_ENABLE_MODULES = YES;
				CLANG_ENABLE_OBJC_ARC = YES;
				CLANG_WARN_BOOL_CONVERSION = YES;
				CLANG_WARN_CONSTANT_CONVERSION = YES;
				CLANG_WARN_DIRECT_OBJC_ISA_USAGE = YES_ERROR;
				CLANG_WARN_EMPTY_BODY = YES;
				CLANG_WARN_ENUM_CONVERSION = YES;
				CLANG_WARN_INT_CONVERSION = YES;
				CLANG_WARN_OBJC_ROOT_CLASS = YES_ERROR;
				CLANG_WARN_UNREACHABLE_CODE = YES;
				CLANG_WARN__DUPLICATE_METHOD_MATCH = YES;
				COPY_PHASE_STRIP = NO;
				DEBUG_INFORMATION_FORMAT = "dwarf-with-dsym";
				ENABLE_NS_ASSERTIONS = NO;
				ENABLE_STRICT_OBJC_MSGSEND = YES;
				GCC_C_LANGUAGE_STANDARD = gnu99;
				GCC_NO_COMMON_BLOCKS = YES;
				GCC_WARN_64_TO_32_BIT_CONVERSION = YES;
				GCC_WARN_ABOUT_RETURN_TYPE = YES_ERROR;
				GCC_WARN_UNDECLARED_SELECTOR = YES;
				GCC_WARN_UNINITIALIZED_AUTOS = YES_AGGRESSIVE;
				GCC_WARN_UNUSED_FUNCTION = YES;
				GCC_WARN_UNUSED_VARIABLE = YES;
				MACOSX_DEPLOYMENT_TARGET = 10.10;
				MTL_ENABLE_DEBUG_INFO = NO;
				SDKROOT = macosx;
			};
			name = Release;
		};
		0A1D1B921B09BB9300617A09 /* Debug */ = {
			isa = XCBuildConfiguration;
			buildSettings = {
				PRODUCT_NAME = "$(TARGET_NAME)";
			};
			name = Debug;
		};
		0A1D1B931B09BB9300617A09 /* Release */ = {
			isa = XCBuildConfiguration;
			buildSettings = {
				PRODUCT_NAME = "$(TARGET_NAME)";
			};
			name = Release;
		};
/* End XCBuildConfiguration section */

/* Begin XCConfigurationList section */
		0A1D1B851B09BB9300617A09 /* Build configuration list for PBXProject "MovieStore" */ = {
			isa = XCConfigurationList;
			buildConfigurations = (
				0A1D1B8F1B09BB9300617A09 /* Debug */,
				0A1D1B901B09BB9300617A09 /* Release */,
			);
			defaultConfigurationIsVisible = 0;
			defaultConfigurationName = Release;
		};
		0A1D1B911B09BB9300617A09 /* Build configuration list for PBXNativeTarget "MovieStore" */ = {
			isa = XCConfigurationList;
			buildConfigurations = (
				0A1D1B921B09BB9300617A09 /* Debug */,
				0A1D1B931B09BB9300617A09 /* Release */,
			);
			defaultConfigurationIsVisible = 0;
			defaultConfigurationName = Release;
		};
/* End XCConfigurationList section */
	};
	rootObject = 0A1D1B821B09BB9300617A09 /* Project object */;
}
